
Microsoft Visual Studio Solution File, Format Version 12.00
# Visual Studio Version 16
VisualStudioVersion = 16.0.29613.14
MinimumVisualStudioVersion = 10.0.40219.1
Project("{FAE04EC0-301F-11D3-BF4B-00C04F79EFBC}") = "Webmaster.Api", "Webmaster.Api\Webmaster.Api.csproj", "{FDDC6721-1D6D-4BA3-92A8-E1B565FA32A1}"
EndProject
Project("{FAE04EC0-301F-11D3-BF4B-00C04F79EFBC}") = "Webmaster.Application", "Webmaster.Application\Webmaster.Application.csproj", "{E1B10046-05A6-43B7-8ED5-13BC01845226}"
EndProject
Project("{FAE04EC0-301F-11D3-BF4B-00C04F79EFBC}") = "Webmaster.Persistence", "Webmaster.Persistence\Webmaster.Persistence.csproj", "{1399AD1E-8FA7-4F0F-B171-69042EFF53FB}"
EndProject
Global
	GlobalSection(SolutionConfigurationPlatforms) = preSolution
		Debug|Any CPU = Debug|Any CPU
		Release|Any CPU = Release|Any CPU
	EndGlobalSection
	GlobalSection(ProjectConfigurationPlatforms) = postSolution
		{FDDC6721-1D6D-4BA3-92A8-E1B565FA32A1}.Debug|Any CPU.ActiveCfg = Debug|Any CPU
		{FDDC6721-1D6D-4BA3-92A8-E1B565FA32A1}.Debug|Any CPU.Build.0 = Debug|Any CPU
		{FDDC6721-1D6D-4BA3-92A8-E1B565FA32A1}.Release|Any CPU.ActiveCfg = Release|Any CPU
		{FDDC6721-1D6D-4BA3-92A8-E1B565FA32A1}.Release|Any CPU.Build.0 = Release|Any CPU
		{E1B10046-05A6-43B7-8ED5-13BC01845226}.Debug|Any CPU.ActiveCfg = Debug|Any CPU
		{E1B10046-05A6-43B7-8ED5-13BC01845226}.Debug|Any CPU.Build.0 = Debug|Any CPU
		{E1B10046-05A6-43B7-8ED5-13BC01845226}.Release|Any CPU.ActiveCfg = Release|Any CPU
		{E1B10046-05A6-43B7-8ED5-13BC01845226}.Release|Any CPU.Build.0 = Release|Any CPU
		{1399AD1E-8FA7-4F0F-B171-69042EFF53FB}.Debug|Any CPU.ActiveCfg = Debug|Any CPU
		{1399AD1E-8FA7-4F0F-B171-69042EFF53FB}.Debug|Any CPU.Build.0 = Debug|Any CPU
		{1399AD1E-8FA7-4F0F-B171-69042EFF53FB}.Release|Any CPU.ActiveCfg = Release|Any CPU
		{1399AD1E-8FA7-4F0F-B171-69042EFF53FB}.Release|Any CPU.Build.0 = Release|Any CPU
	EndGlobalSection
	GlobalSection(SolutionProperties) = preSolution
		HideSolutionNode = FALSE
	EndGlobalSection
	GlobalSection(ExtensibilityGlobals) = postSolution
		SolutionGuid = {9D21A17C-E62E-4595-8944-A3D632CA556C}
	EndGlobalSection
EndGlobal
